
Microsoft Visual Studio Solution File, Format Version 12.00
# Visual Studio 14
VisualStudioVersion = 14.0.25420.1
MinimumVisualStudioVersion = 10.0.40219.1
Project("{2150E333-8FDC-42A3-9474-1A3956D46DE8}") = "ClientApp", "ClientApp", "{C5521AA9-E08A-4F23-83F7-1AC4BDA19CEC}"
EndProject
Project("{2150E333-8FDC-42A3-9474-1A3956D46DE8}") = "Service", "Service", "{70502480-5EC6-4DC4-87EA-2F59CF79CD04}"
EndProject
Project("{FAE04EC0-301F-11D3-BF4B-00C04F79EFBC}") = "Cadastro.WebApi", "Cadastro.Categoria.WebApi\Cadastro.WebApi.csproj", "{FCB6BAEA-D77B-4F0E-AE54-E67C5E55A6DB}"
EndProject
Project("{FAE04EC0-301F-11D3-BF4B-00C04F79EFBC}") = "Cadastro.Domain", "Cadastro.Categoria.Domain\Cadastro.Domain.csproj", "{8D66612A-4ED6-417C-9ECE-C0A622D722EB}"
EndProject
Project("{FAE04EC0-301F-11D3-BF4B-00C04F79EFBC}") = "Cadastro.Infra.Data", "Cadastro.Categoria.Infra\Cadastro.Infra.Data.csproj", "{F2DEFF68-8A2E-4C87-A3FC-1256DECCBA50}"
EndProject
Project("{FAE04EC0-301F-11D3-BF4B-00C04F79EFBC}") = "Cadastro.Categoria.Application", "Cadastro.Categoria.Application\Cadastro.Categoria.Application.csproj", "{AB156748-F8FC-4BF5-A331-4A2300F79DD4}"
EndProject
Project("{FAE04EC0-301F-11D3-BF4B-00C04F79EFBC}") = "Cadastro.Infra.CrossCutting", "Cadastro.Categoria.Infra.CrossCutting.Ioc\Cadastro.Infra.CrossCutting.csproj", "{2E448E4C-C448-417F-954F-5666E1CD6A4B}"
EndProject
Project("{2150E333-8FDC-42A3-9474-1A3956D46DE8}") = "WebApi", "WebApi", "{67112E06-068F-4F1D-A203-19D22A70CD99}"
EndProject
Project("{2150E333-8FDC-42A3-9474-1A3956D46DE8}") = "Application", "Application", "{50FA57AA-9BB8-413A-A8B4-0BE9AFEA12BF}"
EndProject
Project("{2150E333-8FDC-42A3-9474-1A3956D46DE8}") = "Domain", "Domain", "{3F501E32-12DF-4543-856D-181B1D754319}"
EndProject
Project("{2150E333-8FDC-42A3-9474-1A3956D46DE8}") = "Infra", "Infra", "{F619A33A-2383-4CB2-BB99-BD808F4F21E1}"
EndProject
Project("{FAE04EC0-301F-11D3-BF4B-00C04F79EFBC}") = "Cadastro.Domain.Tests", "Cadastro.Domain.Tests\Cadastro.Domain.Tests.csproj", "{C3B00A0A-875E-4C29-9C4F-A1922DD09F9F}"
EndProject
Project("{FAE04EC0-301F-11D3-BF4B-00C04F79EFBC}") = "Cadastro.Admin", "Cadastro.Admin\Cadastro.Admin.csproj", "{84378732-64C9-477B-B9EF-33EAFE99CBC7}"
EndProject
Project("{FAE04EC0-301F-11D3-BF4B-00C04F79EFBC}") = "Site", "Site\Site.csproj", "{68AEB6C7-B5BA-4374-B297-FFD9B3FCE8A9}"
EndProject
Global
	GlobalSection(SolutionConfigurationPlatforms) = preSolution
		Debug|Any CPU = Debug|Any CPU
		Release|Any CPU = Release|Any CPU
	EndGlobalSection
	GlobalSection(ProjectConfigurationPlatforms) = postSolution
		{FCB6BAEA-D77B-4F0E-AE54-E67C5E55A6DB}.Debug|Any CPU.ActiveCfg = Debug|Any CPU
		{FCB6BAEA-D77B-4F0E-AE54-E67C5E55A6DB}.Debug|Any CPU.Build.0 = Debug|Any CPU
		{FCB6BAEA-D77B-4F0E-AE54-E67C5E55A6DB}.Release|Any CPU.ActiveCfg = Release|Any CPU
		{FCB6BAEA-D77B-4F0E-AE54-E67C5E55A6DB}.Release|Any CPU.Build.0 = Release|Any CPU
		{8D66612A-4ED6-417C-9ECE-C0A622D722EB}.Debug|Any CPU.ActiveCfg = Debug|Any CPU
		{8D66612A-4ED6-417C-9ECE-C0A622D722EB}.Debug|Any CPU.Build.0 = Debug|Any CPU
		{8D66612A-4ED6-417C-9ECE-C0A622D722EB}.Release|Any CPU.ActiveCfg = Release|Any CPU
		{8D66612A-4ED6-417C-9ECE-C0A622D722EB}.Release|Any CPU.Build.0 = Release|Any CPU
		{F2DEFF68-8A2E-4C87-A3FC-1256DECCBA50}.Debug|Any CPU.ActiveCfg = Debug|Any CPU
		{F2DEFF68-8A2E-4C87-A3FC-1256DECCBA50}.Debug|Any CPU.Build.0 = Debug|Any CPU
		{F2DEFF68-8A2E-4C87-A3FC-1256DECCBA50}.Release|Any CPU.ActiveCfg = Release|Any CPU
		{F2DEFF68-8A2E-4C87-A3FC-1256DECCBA50}.Release|Any CPU.Build.0 = Release|Any CPU
		{AB156748-F8FC-4BF5-A331-4A2300F79DD4}.Debug|Any CPU.ActiveCfg = Debug|Any CPU
		{AB156748-F8FC-4BF5-A331-4A2300F79DD4}.Debug|Any CPU.Build.0 = Debug|Any CPU
		{AB156748-F8FC-4BF5-A331-4A2300F79DD4}.Release|Any CPU.ActiveCfg = Release|Any CPU
		{AB156748-F8FC-4BF5-A331-4A2300F79DD4}.Release|Any CPU.Build.0 = Release|Any CPU
		{2E448E4C-C448-417F-954F-5666E1CD6A4B}.Debug|Any CPU.ActiveCfg = Debug|Any CPU
		{2E448E4C-C448-417F-954F-5666E1CD6A4B}.Debug|Any CPU.Build.0 = Debug|Any CPU
		{2E448E4C-C448-417F-954F-5666E1CD6A4B}.Release|Any CPU.ActiveCfg = Release|Any CPU
		{2E448E4C-C448-417F-954F-5666E1CD6A4B}.Release|Any CPU.Build.0 = Release|Any CPU
		{C3B00A0A-875E-4C29-9C4F-A1922DD09F9F}.Debug|Any CPU.ActiveCfg = Debug|Any CPU
		{C3B00A0A-875E-4C29-9C4F-A1922DD09F9F}.Debug|Any CPU.Build.0 = Debug|Any CPU
		{C3B00A0A-875E-4C29-9C4F-A1922DD09F9F}.Release|Any CPU.ActiveCfg = Release|Any CPU
		{C3B00A0A-875E-4C29-9C4F-A1922DD09F9F}.Release|Any CPU.Build.0 = Release|Any CPU
		{84378732-64C9-477B-B9EF-33EAFE99CBC7}.Debug|Any CPU.ActiveCfg = Debug|Any CPU
		{84378732-64C9-477B-B9EF-33EAFE99CBC7}.Debug|Any CPU.Build.0 = Debug|Any CPU
		{84378732-64C9-477B-B9EF-33EAFE99CBC7}.Release|Any CPU.ActiveCfg = Release|Any CPU
		{84378732-64C9-477B-B9EF-33EAFE99CBC7}.Release|Any CPU.Build.0 = Release|Any CPU
		{68AEB6C7-B5BA-4374-B297-FFD9B3FCE8A9}.Debug|Any CPU.ActiveCfg = Debug|Any CPU
		{68AEB6C7-B5BA-4374-B297-FFD9B3FCE8A9}.Debug|Any CPU.Build.0 = Debug|Any CPU
		{68AEB6C7-B5BA-4374-B297-FFD9B3FCE8A9}.Release|Any CPU.ActiveCfg = Release|Any CPU
		{68AEB6C7-B5BA-4374-B297-FFD9B3FCE8A9}.Release|Any CPU.Build.0 = Release|Any CPU
	EndGlobalSection
	GlobalSection(SolutionProperties) = preSolution
		HideSolutionNode = FALSE
	EndGlobalSection
	GlobalSection(NestedProjects) = preSolution
		{FCB6BAEA-D77B-4F0E-AE54-E67C5E55A6DB} = {67112E06-068F-4F1D-A203-19D22A70CD99}
		{8D66612A-4ED6-417C-9ECE-C0A622D722EB} = {3F501E32-12DF-4543-856D-181B1D754319}
		{F2DEFF68-8A2E-4C87-A3FC-1256DECCBA50} = {F619A33A-2383-4CB2-BB99-BD808F4F21E1}
		{AB156748-F8FC-4BF5-A331-4A2300F79DD4} = {50FA57AA-9BB8-413A-A8B4-0BE9AFEA12BF}
		{2E448E4C-C448-417F-954F-5666E1CD6A4B} = {F619A33A-2383-4CB2-BB99-BD808F4F21E1}
		{67112E06-068F-4F1D-A203-19D22A70CD99} = {70502480-5EC6-4DC4-87EA-2F59CF79CD04}
		{50FA57AA-9BB8-413A-A8B4-0BE9AFEA12BF} = {70502480-5EC6-4DC4-87EA-2F59CF79CD04}
		{3F501E32-12DF-4543-856D-181B1D754319} = {70502480-5EC6-4DC4-87EA-2F59CF79CD04}
		{F619A33A-2383-4CB2-BB99-BD808F4F21E1} = {70502480-5EC6-4DC4-87EA-2F59CF79CD04}
		{C3B00A0A-875E-4C29-9C4F-A1922DD09F9F} = {3F501E32-12DF-4543-856D-181B1D754319}
		{84378732-64C9-477B-B9EF-33EAFE99CBC7} = {C5521AA9-E08A-4F23-83F7-1AC4BDA19CEC}
		{68AEB6C7-B5BA-4374-B297-FFD9B3FCE8A9} = {C5521AA9-E08A-4F23-83F7-1AC4BDA19CEC}
	EndGlobalSection
	GlobalSection(TeamFoundationVersionControl) = preSolution
		SccNumberOfProjects = 9
		SccEnterpriseProvider = {4CA58AB2-18FA-4F8D-95D4-32DDF27D184C}
		SccTeamFoundationServer = https://brsantos.visualstudio.com/
		SccLocalPath0 = .
		SccProjectUniqueName1 = Cadastro.Categoria.Application\\Cadastro.Categoria.Application.csproj
		SccProjectTopLevelParentUniqueName1 = Teste.sln
		SccProjectName1 = Cadastro.Categoria.Application
		SccLocalPath1 = Cadastro.Categoria.Application
		SccProjectUniqueName2 = Cadastro.Categoria.WebApi\\Cadastro.WebApi.csproj
		SccProjectTopLevelParentUniqueName2 = Teste.sln
		SccProjectName2 = Cadastro.Categoria.WebApi
		SccLocalPath2 = Cadastro.Categoria.WebApi
		SccProjectUniqueName3 = Cadastro.Categoria.Infra\\Cadastro.Infra.Data.csproj
		SccProjectTopLevelParentUniqueName3 = Teste.sln
		SccProjectName3 = Cadastro.Categoria.Infra
		SccLocalPath3 = Cadastro.Categoria.Infra
		SccProjectUniqueName4 = Cadastro.Categoria.Domain\\Cadastro.Domain.csproj
		SccProjectTopLevelParentUniqueName4 = Teste.sln
		SccProjectName4 = Cadastro.Categoria.Domain
		SccLocalPath4 = Cadastro.Categoria.Domain
		SccProjectUniqueName5 = Cadastro.Domain.Tests\\Cadastro.Domain.Tests.csproj
		SccProjectTopLevelParentUniqueName5 = Teste.sln
		SccProjectName5 = Cadastro.Domain.Tests
		SccLocalPath5 = Cadastro.Domain.Tests
		SccProjectUniqueName6 = Cadastro.Categoria.Infra.CrossCutting.Ioc\\Cadastro.Infra.CrossCutting.csproj
		SccProjectTopLevelParentUniqueName6 = Teste.sln
		SccProjectName6 = Cadastro.Categoria.Infra.CrossCutting.Ioc
		SccLocalPath6 = Cadastro.Categoria.Infra.CrossCutting.Ioc
		SccProjectUniqueName7 = Cadastro.Admin\\Cadastro.Admin.csproj
		SccProjectTopLevelParentUniqueName7 = Teste.sln
		SccProjectName7 = Cadastro.Admin
		SccLocalPath7 = Cadastro.Admin
		SccProjectUniqueName8 = Site\\Site.csproj
		SccProjectTopLevelParentUniqueName8 = Teste.sln
		SccProjectName8 = Site
		SccLocalPath8 = Site
	EndGlobalSection
EndGlobal
